
Microsoft Visual Studio Solution File, Format Version 12.00
# Visual Studio 15
VisualStudioVersion = 15.0.28307.136
MinimumVisualStudioVersion = 10.0.40219.1
Project("{FAE04EC0-301F-11D3-BF4B-00C04F79EFBC}") = "incasement", "incasement\incasement.csproj", "{0F33837E-3EC8-4D98-B2F6-C52ED222C713}"
EndProject
Global
	GlobalSection(SolutionConfigurationPlatforms) = preSolution
		Debug|Any CPU = Debug|Any CPU
		Release|Any CPU = Release|Any CPU
	EndGlobalSection
	GlobalSection(ProjectConfigurationPlatforms) = postSolution
		{0F33837E-3EC8-4D98-B2F6-C52ED222C713}.Debug|Any CPU.ActiveCfg = Debug|Any CPU
		{0F33837E-3EC8-4D98-B2F6-C52ED222C713}.Debug|Any CPU.Build.0 = Debug|Any CPU
		{0F33837E-3EC8-4D98-B2F6-C52ED222C713}.Release|Any CPU.ActiveCfg = Release|Any CPU
		{0F33837E-3EC8-4D98-B2F6-C52ED222C713}.Release|Any CPU.Build.0 = Release|Any CPU
	EndGlobalSection
	GlobalSection(SolutionProperties) = preSolution
		HideSolutionNode = FALSE
	EndGlobalSection
	GlobalSection(ExtensibilityGlobals) = postSolution
		SolutionGuid = {F31A5E73-3388-4F1D-BF17-82E6CB19AEC3}
	EndGlobalSection
EndGlobal
